
Microsoft Visual Studio Solution File, Format Version 12.00
# Visual Studio Version 16
VisualStudioVersion = 16.0.30804.86
MinimumVisualStudioVersion = 10.0.40219.1
Project("{9A19103F-16F7-4668-BE54-9A1E7A4F7556}") = "RestaurantsWebApp_AdamNeumiller", "RestaurantsWebApp_AdamNeumiller\RestaurantsWebApp_AdamNeumiller.csproj", "{AA64DB13-BD35-45EF-9D3D-61124D468E8A}"
EndProject
Global
	GlobalSection(SolutionConfigurationPlatforms) = preSolution
		Debug|Any CPU = Debug|Any CPU
		Release|Any CPU = Release|Any CPU
	EndGlobalSection
	GlobalSection(ProjectConfigurationPlatforms) = postSolution
		{AA64DB13-BD35-45EF-9D3D-61124D468E8A}.Debug|Any CPU.ActiveCfg = Debug|Any CPU
		{AA64DB13-BD35-45EF-9D3D-61124D468E8A}.Debug|Any CPU.Build.0 = Debug|Any CPU
		{AA64DB13-BD35-45EF-9D3D-61124D468E8A}.Release|Any CPU.ActiveCfg = Release|Any CPU
		{AA64DB13-BD35-45EF-9D3D-61124D468E8A}.Release|Any CPU.Build.0 = Release|Any CPU
	EndGlobalSection
	GlobalSection(SolutionProperties) = preSolution
		HideSolutionNode = FALSE
	EndGlobalSection
	GlobalSection(ExtensibilityGlobals) = postSolution
		SolutionGuid = {D28F73FE-9660-4462-9FF8-405C6F96AB6C}
	EndGlobalSection
EndGlobal
